{
  "R": {
    "Version": "4.3.2",
    "Repositories": [
      {
        "Name": "CRAN",
        "URL": "https://cloud.r-project.org"
      },
      {
        "Name": "BioCsoft",
        "URL": "https://bioconductor.org/packages/3.18/bioc"
      }
    ]
  },
  "Packages": {
    "Seurat": {
      "Package": "Seurat",
      "Version": "5.0.1",
      "Source": "Repository",
      "Repository": "CRAN",
      "Requirements": ["R", "methods", "utils", "stats", "graphics"]
    },
    "SeuratObject": {
      "Package": "SeuratObject",
      "Version": "5.0.1",
      "Source": "Repository",
      "Repository": "CRAN"
    },
    "harmony": {
      "Package": "harmony",
      "Version": "1.2.0",
      "Source": "Repository",
      "Repository": "CRAN"
    },
    "dplyr": {
      "Package": "dplyr",
      "Version": "1.1.4",
      "Source": "Repository",
      "Repository": "CRAN"
    },
    "ggplot2": {
      "Package": "ggplot2",
      "Version": "3.4.4",
      "Source": "Repository",
      "Repository": "CRAN"
    },
    "tidyr": {
      "Package": "tidyr",
      "Version": "1.3.0",
      "Source": "Repository",
      "Repository": "CRAN"
    },
    "patchwork": {
      "Package": "patchwork",
      "Version": "1.2.0",
      "Source": "Repository",
      "Repository": "CRAN"
    },
    "ggpubr": {
      "Package": "ggpubr",
      "Version": "0.6.0",
      "Source": "Repository",
      "Repository": "CRAN"
    },
    "ggsci": {
      "Package": "ggsci",
      "Version": "3.0.0",
      "Source": "Repository",
      "Repository": "CRAN"
    },
    "SCP": {
      "Package": "SCP",
      "Version": "0.5.6",
      "Source": "GitHub",
      "RemoteType": "github",
      "RemoteHost": "api.github.com",
      "RemoteRepo": "SCP",
      "RemoteUsername": "zhanghao-njmu",
      "RemoteRef": "HEAD"
    },
    "renv": {
      "Package": "renv",
      "Version": "1.0.3",
      "Source": "Repository",
      "Repository": "CRAN"
    }
  }
}

